
Microsoft Visual Studio Solution File, Format Version 12.00
Project("{FAE04EC0-301F-11D3-BF4B-00C04F79EFBC}") = "P2CodeExecution", "P2CodeExecution\P2CodeExecution.csproj", "{5FB8F57F-1220-4958-9516-5B057B753130}"
EndProject
Project("{FAE04EC0-301F-11D3-BF4B-00C04F79EFBC}") = "P3PrintingOutput", "P3PrintingOutput\P3PrintingOutput.csproj", "{C00A19DF-0994-4CA6-8695-302E52DBCA35}"
EndProject
Project("{FAE04EC0-301F-11D3-BF4B-00C04F79EFBC}") = "P4Coments", "P4Coments\P4Coments.csproj", "{32B63925-F6C9-4E44-8957-060F1C036B82}"
EndProject
Project("{FAE04EC0-301F-11D3-BF4B-00C04F79EFBC}") = "P5Variables", "P5Variables\P5Variables.csproj", "{3C1A9BE8-E3B0-4000-8791-C081DB9F73AE}"
EndProject
Project("{FAE04EC0-301F-11D3-BF4B-00C04F79EFBC}") = "P6DataTypes", "P6DataTypes\P6DataTypes.csproj", "{CAF84CB2-415D-4E08-AF8A-3770A978CF49}"
EndProject
Project("{FAE04EC0-301F-11D3-BF4B-00C04F79EFBC}") = "P7ReadingInput", "P7ReadingInput\P7ReadingInput.csproj", "{C98F8CA8-ADC5-4EFF-91BF-1EB915EAD60C}"
EndProject
Global
	GlobalSection(SolutionConfigurationPlatforms) = preSolution
		Debug|Any CPU = Debug|Any CPU
		Release|Any CPU = Release|Any CPU
	EndGlobalSection
	GlobalSection(ProjectConfigurationPlatforms) = postSolution
		{5FB8F57F-1220-4958-9516-5B057B753130}.Debug|Any CPU.ActiveCfg = Debug|Any CPU
		{5FB8F57F-1220-4958-9516-5B057B753130}.Debug|Any CPU.Build.0 = Debug|Any CPU
		{5FB8F57F-1220-4958-9516-5B057B753130}.Release|Any CPU.ActiveCfg = Release|Any CPU
		{5FB8F57F-1220-4958-9516-5B057B753130}.Release|Any CPU.Build.0 = Release|Any CPU
		{C00A19DF-0994-4CA6-8695-302E52DBCA35}.Debug|Any CPU.ActiveCfg = Debug|Any CPU
		{C00A19DF-0994-4CA6-8695-302E52DBCA35}.Debug|Any CPU.Build.0 = Debug|Any CPU
		{C00A19DF-0994-4CA6-8695-302E52DBCA35}.Release|Any CPU.ActiveCfg = Release|Any CPU
		{C00A19DF-0994-4CA6-8695-302E52DBCA35}.Release|Any CPU.Build.0 = Release|Any CPU
		{32B63925-F6C9-4E44-8957-060F1C036B82}.Debug|Any CPU.ActiveCfg = Debug|Any CPU
		{32B63925-F6C9-4E44-8957-060F1C036B82}.Debug|Any CPU.Build.0 = Debug|Any CPU
		{32B63925-F6C9-4E44-8957-060F1C036B82}.Release|Any CPU.ActiveCfg = Release|Any CPU
		{32B63925-F6C9-4E44-8957-060F1C036B82}.Release|Any CPU.Build.0 = Release|Any CPU
		{3C1A9BE8-E3B0-4000-8791-C081DB9F73AE}.Debug|Any CPU.ActiveCfg = Debug|Any CPU
		{3C1A9BE8-E3B0-4000-8791-C081DB9F73AE}.Debug|Any CPU.Build.0 = Debug|Any CPU
		{3C1A9BE8-E3B0-4000-8791-C081DB9F73AE}.Release|Any CPU.ActiveCfg = Release|Any CPU
		{3C1A9BE8-E3B0-4000-8791-C081DB9F73AE}.Release|Any CPU.Build.0 = Release|Any CPU
		{CAF84CB2-415D-4E08-AF8A-3770A978CF49}.Debug|Any CPU.ActiveCfg = Debug|Any CPU
		{CAF84CB2-415D-4E08-AF8A-3770A978CF49}.Debug|Any CPU.Build.0 = Debug|Any CPU
		{CAF84CB2-415D-4E08-AF8A-3770A978CF49}.Release|Any CPU.ActiveCfg = Release|Any CPU
		{CAF84CB2-415D-4E08-AF8A-3770A978CF49}.Release|Any CPU.Build.0 = Release|Any CPU
		{C98F8CA8-ADC5-4EFF-91BF-1EB915EAD60C}.Debug|Any CPU.ActiveCfg = Debug|Any CPU
		{C98F8CA8-ADC5-4EFF-91BF-1EB915EAD60C}.Debug|Any CPU.Build.0 = Debug|Any CPU
		{C98F8CA8-ADC5-4EFF-91BF-1EB915EAD60C}.Release|Any CPU.ActiveCfg = Release|Any CPU
		{C98F8CA8-ADC5-4EFF-91BF-1EB915EAD60C}.Release|Any CPU.Build.0 = Release|Any CPU
	EndGlobalSection
EndGlobal
