
Microsoft Visual Studio Solution File, Format Version 12.00
Project("{FAE04EC0-301F-11D3-BF4B-00C04F79EFBC}") = "P2CodeExecution", "P2CodeExecution\P2CodeExecution.csproj", "{5FB8F57F-1220-4958-9516-5B057B753130}"
EndProject
Project("{FAE04EC0-301F-11D3-BF4B-00C04F79EFBC}") = "P3PrintingOutput", "P3PrintingOutput\P3PrintingOutput.csproj", "{C00A19DF-0994-4CA6-8695-302E52DBCA35}"
EndProject
Project("{FAE04EC0-301F-11D3-BF4B-00C04F79EFBC}") = "P4Coments", "P4Coments\P4Coments.csproj", "{32B63925-F6C9-4E44-8957-060F1C036B82}"
EndProject
Project("{FAE04EC0-301F-11D3-BF4B-00C04F79EFBC}") = "P5Variables", "P5Variables\P5Variables.csproj", "{3C1A9BE8-E3B0-4000-8791-C081DB9F73AE}"
EndProject
Project("{FAE04EC0-301F-11D3-BF4B-00C04F79EFBC}") = "P6DataTypes", "P6DataTypes\P6DataTypes.csproj", "{CAF84CB2-415D-4E08-AF8A-3770A978CF49}"
EndProject
Project("{FAE04EC0-301F-11D3-BF4B-00C04F79EFBC}") = "P7ReadingInput", "P7ReadingInput\P7ReadingInput.csproj", "{C98F8CA8-ADC5-4EFF-91BF-1EB915EAD60C}"
EndProject
Project("{FAE04EC0-301F-11D3-BF4B-00C04F79EFBC}") = "P8Conversion", "P8Conversion\P8Conversion.csproj", "{E53E4B2F-B86F-4E68-9B10-A54C6D5E6484}"
EndProject
Project("{FAE04EC0-301F-11D3-BF4B-00C04F79EFBC}") = "P9Operators", "P9Operators\P9Operators.csproj", "{0C35A674-67EF-4C64-A888-F2F55E02260E}"
EndProject
Project("{FAE04EC0-301F-11D3-BF4B-00C04F79EFBC}") = "P9OperatorsExercises", "P9OperatorsExercises\P9OperatorsExercises.csproj", "{219485E7-0537-45A4-B755-2415235FF034}"
EndProject
Project("{FAE04EC0-301F-11D3-BF4B-00C04F79EFBC}") = "P10Boolean", "P10Boolean\P10Boolean.csproj", "{A392D021-DFCD-44F0-9617-F8AD6BEAEC57}"
EndProject
Project("{FAE04EC0-301F-11D3-BF4B-00C04F79EFBC}") = "P11IfElse", "P11IfElse\P11IfElse.csproj", "{6E0BB571-B686-4F21-9766-27CFD441F6BD}"
EndProject
Project("{FAE04EC0-301F-11D3-BF4B-00C04F79EFBC}") = "P12Random", "P12Random\P12Random.csproj", "{7DAF94DE-7032-4A31-82D5-7F717CB7645A}"
EndProject
Project("{FAE04EC0-301F-11D3-BF4B-00C04F79EFBC}") = "P13GoTo", "P13GoTo\P13GoTo.csproj", "{5A2DE08C-8843-4A2E-B2A5-5AB74D6535B7}"
EndProject
Project("{FAE04EC0-301F-11D3-BF4B-00C04F79EFBC}") = "P14Extra", "P14Extra\P14Extra.csproj", "{C940404D-ABA1-42B3-844B-77D62CC4FBA1}"
EndProject
Project("{FAE04EC0-301F-11D3-BF4B-00C04F79EFBC}") = "P11_1Grades", "P11_1Grades\P11_1Grades.csproj", "{1A61A91C-4BA9-492D-B6C9-F83A28DF375A}"
EndProject
Project("{FAE04EC0-301F-11D3-BF4B-00C04F79EFBC}") = "P11_2MinMax", "P11_2MinMax\P11_2MinMax.csproj", "{3E585D7F-3A6D-4464-AADA-7A310E4B4B09}"
EndProject
Project("{FAE04EC0-301F-11D3-BF4B-00C04F79EFBC}") = "P11_3Characters", "P11_3Characters\P11_3Characters.csproj", "{B6FA214A-0046-4666-ABB0-B6E0748DF09E}"
EndProject
Project("{FAE04EC0-301F-11D3-BF4B-00C04F79EFBC}") = "P11_4Calculator", "P11_4Calculator\P11_4Calculator.csproj", "{01962785-98AC-4618-BB62-EDE399116739}"
EndProject
Project("{FAE04EC0-301F-11D3-BF4B-00C04F79EFBC}") = "P11_5EvenOdd", "P11_5EvenOdd\P11_5EvenOdd.csproj", "{94F845D9-018F-4AB0-8B80-D97F769A44CE}"
EndProject
Project("{FAE04EC0-301F-11D3-BF4B-00C04F79EFBC}") = "P12_1Random_Coordinates", "P12_1Random_Coordinates\P12_1Random_Coordinates.csproj", "{5C92B9E6-D8BE-40BD-AD67-628FA33C469D}"
EndProject
Project("{FAE04EC0-301F-11D3-BF4B-00C04F79EFBC}") = "P12_2Random_Password", "P12_2Random_Password\P12_2Random_Password.csproj", "{B9B13FCD-FC0E-4F73-8D48-45461B920961}"
EndProject
Project("{FAE04EC0-301F-11D3-BF4B-00C04F79EFBC}") = "G-game-on", "G-game-on\G-game-on.csproj", "{9E78F0EB-49E0-4C85-896A-67A827A43A32}"
EndProject
Project("{FAE04EC0-301F-11D3-BF4B-00C04F79EFBC}") = "P13_1Dollars", "P13_1Dollars\P13_1Dollars.csproj", "{DAE13EDB-E52D-4D44-8E06-1E14BDBE7201}"
EndProject
Project("{FAE04EC0-301F-11D3-BF4B-00C04F79EFBC}") = "P13_2Triangle", "P13_2Triangle\P13_2Triangle.csproj", "{90ED0234-5159-418A-9EB1-4FDBA88B84E1}"
EndProject
Project("{FAE04EC0-301F-11D3-BF4B-00C04F79EFBC}") = "P13_3Pattern", "P13_3Pattern\P13_3Pattern.csproj", "{DE2A902B-8B51-4B83-946B-9E0BB46F44F7}"
EndProject
Global
	GlobalSection(SolutionConfigurationPlatforms) = preSolution
		Debug|Any CPU = Debug|Any CPU
		Release|Any CPU = Release|Any CPU
	EndGlobalSection
	GlobalSection(ProjectConfigurationPlatforms) = postSolution
		{5FB8F57F-1220-4958-9516-5B057B753130}.Debug|Any CPU.ActiveCfg = Debug|Any CPU
		{5FB8F57F-1220-4958-9516-5B057B753130}.Debug|Any CPU.Build.0 = Debug|Any CPU
		{5FB8F57F-1220-4958-9516-5B057B753130}.Release|Any CPU.ActiveCfg = Release|Any CPU
		{5FB8F57F-1220-4958-9516-5B057B753130}.Release|Any CPU.Build.0 = Release|Any CPU
		{C00A19DF-0994-4CA6-8695-302E52DBCA35}.Debug|Any CPU.ActiveCfg = Debug|Any CPU
		{C00A19DF-0994-4CA6-8695-302E52DBCA35}.Debug|Any CPU.Build.0 = Debug|Any CPU
		{C00A19DF-0994-4CA6-8695-302E52DBCA35}.Release|Any CPU.ActiveCfg = Release|Any CPU
		{C00A19DF-0994-4CA6-8695-302E52DBCA35}.Release|Any CPU.Build.0 = Release|Any CPU
		{32B63925-F6C9-4E44-8957-060F1C036B82}.Debug|Any CPU.ActiveCfg = Debug|Any CPU
		{32B63925-F6C9-4E44-8957-060F1C036B82}.Debug|Any CPU.Build.0 = Debug|Any CPU
		{32B63925-F6C9-4E44-8957-060F1C036B82}.Release|Any CPU.ActiveCfg = Release|Any CPU
		{32B63925-F6C9-4E44-8957-060F1C036B82}.Release|Any CPU.Build.0 = Release|Any CPU
		{3C1A9BE8-E3B0-4000-8791-C081DB9F73AE}.Debug|Any CPU.ActiveCfg = Debug|Any CPU
		{3C1A9BE8-E3B0-4000-8791-C081DB9F73AE}.Debug|Any CPU.Build.0 = Debug|Any CPU
		{3C1A9BE8-E3B0-4000-8791-C081DB9F73AE}.Release|Any CPU.ActiveCfg = Release|Any CPU
		{3C1A9BE8-E3B0-4000-8791-C081DB9F73AE}.Release|Any CPU.Build.0 = Release|Any CPU
		{CAF84CB2-415D-4E08-AF8A-3770A978CF49}.Debug|Any CPU.ActiveCfg = Debug|Any CPU
		{CAF84CB2-415D-4E08-AF8A-3770A978CF49}.Debug|Any CPU.Build.0 = Debug|Any CPU
		{CAF84CB2-415D-4E08-AF8A-3770A978CF49}.Release|Any CPU.ActiveCfg = Release|Any CPU
		{CAF84CB2-415D-4E08-AF8A-3770A978CF49}.Release|Any CPU.Build.0 = Release|Any CPU
		{C98F8CA8-ADC5-4EFF-91BF-1EB915EAD60C}.Debug|Any CPU.ActiveCfg = Debug|Any CPU
		{C98F8CA8-ADC5-4EFF-91BF-1EB915EAD60C}.Debug|Any CPU.Build.0 = Debug|Any CPU
		{C98F8CA8-ADC5-4EFF-91BF-1EB915EAD60C}.Release|Any CPU.ActiveCfg = Release|Any CPU
		{C98F8CA8-ADC5-4EFF-91BF-1EB915EAD60C}.Release|Any CPU.Build.0 = Release|Any CPU
		{E53E4B2F-B86F-4E68-9B10-A54C6D5E6484}.Debug|Any CPU.ActiveCfg = Debug|Any CPU
		{E53E4B2F-B86F-4E68-9B10-A54C6D5E6484}.Debug|Any CPU.Build.0 = Debug|Any CPU
		{E53E4B2F-B86F-4E68-9B10-A54C6D5E6484}.Release|Any CPU.ActiveCfg = Release|Any CPU
		{E53E4B2F-B86F-4E68-9B10-A54C6D5E6484}.Release|Any CPU.Build.0 = Release|Any CPU
		{0C35A674-67EF-4C64-A888-F2F55E02260E}.Debug|Any CPU.ActiveCfg = Debug|Any CPU
		{0C35A674-67EF-4C64-A888-F2F55E02260E}.Debug|Any CPU.Build.0 = Debug|Any CPU
		{0C35A674-67EF-4C64-A888-F2F55E02260E}.Release|Any CPU.ActiveCfg = Release|Any CPU
		{0C35A674-67EF-4C64-A888-F2F55E02260E}.Release|Any CPU.Build.0 = Release|Any CPU
		{219485E7-0537-45A4-B755-2415235FF034}.Debug|Any CPU.ActiveCfg = Debug|Any CPU
		{219485E7-0537-45A4-B755-2415235FF034}.Debug|Any CPU.Build.0 = Debug|Any CPU
		{219485E7-0537-45A4-B755-2415235FF034}.Release|Any CPU.ActiveCfg = Release|Any CPU
		{219485E7-0537-45A4-B755-2415235FF034}.Release|Any CPU.Build.0 = Release|Any CPU
		{A392D021-DFCD-44F0-9617-F8AD6BEAEC57}.Debug|Any CPU.ActiveCfg = Debug|Any CPU
		{A392D021-DFCD-44F0-9617-F8AD6BEAEC57}.Debug|Any CPU.Build.0 = Debug|Any CPU
		{A392D021-DFCD-44F0-9617-F8AD6BEAEC57}.Release|Any CPU.ActiveCfg = Release|Any CPU
		{A392D021-DFCD-44F0-9617-F8AD6BEAEC57}.Release|Any CPU.Build.0 = Release|Any CPU
		{6E0BB571-B686-4F21-9766-27CFD441F6BD}.Debug|Any CPU.ActiveCfg = Debug|Any CPU
		{6E0BB571-B686-4F21-9766-27CFD441F6BD}.Debug|Any CPU.Build.0 = Debug|Any CPU
		{6E0BB571-B686-4F21-9766-27CFD441F6BD}.Release|Any CPU.ActiveCfg = Release|Any CPU
		{6E0BB571-B686-4F21-9766-27CFD441F6BD}.Release|Any CPU.Build.0 = Release|Any CPU
		{7DAF94DE-7032-4A31-82D5-7F717CB7645A}.Debug|Any CPU.ActiveCfg = Debug|Any CPU
		{7DAF94DE-7032-4A31-82D5-7F717CB7645A}.Debug|Any CPU.Build.0 = Debug|Any CPU
		{7DAF94DE-7032-4A31-82D5-7F717CB7645A}.Release|Any CPU.ActiveCfg = Release|Any CPU
		{7DAF94DE-7032-4A31-82D5-7F717CB7645A}.Release|Any CPU.Build.0 = Release|Any CPU
		{5A2DE08C-8843-4A2E-B2A5-5AB74D6535B7}.Debug|Any CPU.ActiveCfg = Debug|Any CPU
		{5A2DE08C-8843-4A2E-B2A5-5AB74D6535B7}.Debug|Any CPU.Build.0 = Debug|Any CPU
		{5A2DE08C-8843-4A2E-B2A5-5AB74D6535B7}.Release|Any CPU.ActiveCfg = Release|Any CPU
		{5A2DE08C-8843-4A2E-B2A5-5AB74D6535B7}.Release|Any CPU.Build.0 = Release|Any CPU
		{C940404D-ABA1-42B3-844B-77D62CC4FBA1}.Debug|Any CPU.ActiveCfg = Debug|Any CPU
		{C940404D-ABA1-42B3-844B-77D62CC4FBA1}.Debug|Any CPU.Build.0 = Debug|Any CPU
		{C940404D-ABA1-42B3-844B-77D62CC4FBA1}.Release|Any CPU.ActiveCfg = Release|Any CPU
		{C940404D-ABA1-42B3-844B-77D62CC4FBA1}.Release|Any CPU.Build.0 = Release|Any CPU
		{1A61A91C-4BA9-492D-B6C9-F83A28DF375A}.Debug|Any CPU.ActiveCfg = Debug|Any CPU
		{1A61A91C-4BA9-492D-B6C9-F83A28DF375A}.Debug|Any CPU.Build.0 = Debug|Any CPU
		{1A61A91C-4BA9-492D-B6C9-F83A28DF375A}.Release|Any CPU.ActiveCfg = Release|Any CPU
		{1A61A91C-4BA9-492D-B6C9-F83A28DF375A}.Release|Any CPU.Build.0 = Release|Any CPU
		{3E585D7F-3A6D-4464-AADA-7A310E4B4B09}.Debug|Any CPU.ActiveCfg = Debug|Any CPU
		{3E585D7F-3A6D-4464-AADA-7A310E4B4B09}.Debug|Any CPU.Build.0 = Debug|Any CPU
		{3E585D7F-3A6D-4464-AADA-7A310E4B4B09}.Release|Any CPU.ActiveCfg = Release|Any CPU
		{3E585D7F-3A6D-4464-AADA-7A310E4B4B09}.Release|Any CPU.Build.0 = Release|Any CPU
		{B6FA214A-0046-4666-ABB0-B6E0748DF09E}.Debug|Any CPU.ActiveCfg = Debug|Any CPU
		{B6FA214A-0046-4666-ABB0-B6E0748DF09E}.Debug|Any CPU.Build.0 = Debug|Any CPU
		{B6FA214A-0046-4666-ABB0-B6E0748DF09E}.Release|Any CPU.ActiveCfg = Release|Any CPU
		{B6FA214A-0046-4666-ABB0-B6E0748DF09E}.Release|Any CPU.Build.0 = Release|Any CPU
		{01962785-98AC-4618-BB62-EDE399116739}.Debug|Any CPU.ActiveCfg = Debug|Any CPU
		{01962785-98AC-4618-BB62-EDE399116739}.Debug|Any CPU.Build.0 = Debug|Any CPU
		{01962785-98AC-4618-BB62-EDE399116739}.Release|Any CPU.ActiveCfg = Release|Any CPU
		{01962785-98AC-4618-BB62-EDE399116739}.Release|Any CPU.Build.0 = Release|Any CPU
		{94F845D9-018F-4AB0-8B80-D97F769A44CE}.Debug|Any CPU.ActiveCfg = Debug|Any CPU
		{94F845D9-018F-4AB0-8B80-D97F769A44CE}.Debug|Any CPU.Build.0 = Debug|Any CPU
		{94F845D9-018F-4AB0-8B80-D97F769A44CE}.Release|Any CPU.ActiveCfg = Release|Any CPU
		{94F845D9-018F-4AB0-8B80-D97F769A44CE}.Release|Any CPU.Build.0 = Release|Any CPU
		{5C92B9E6-D8BE-40BD-AD67-628FA33C469D}.Debug|Any CPU.ActiveCfg = Debug|Any CPU
		{5C92B9E6-D8BE-40BD-AD67-628FA33C469D}.Debug|Any CPU.Build.0 = Debug|Any CPU
		{5C92B9E6-D8BE-40BD-AD67-628FA33C469D}.Release|Any CPU.ActiveCfg = Release|Any CPU
		{5C92B9E6-D8BE-40BD-AD67-628FA33C469D}.Release|Any CPU.Build.0 = Release|Any CPU
		{B9B13FCD-FC0E-4F73-8D48-45461B920961}.Debug|Any CPU.ActiveCfg = Debug|Any CPU
		{B9B13FCD-FC0E-4F73-8D48-45461B920961}.Debug|Any CPU.Build.0 = Debug|Any CPU
		{B9B13FCD-FC0E-4F73-8D48-45461B920961}.Release|Any CPU.ActiveCfg = Release|Any CPU
		{B9B13FCD-FC0E-4F73-8D48-45461B920961}.Release|Any CPU.Build.0 = Release|Any CPU
		{9E78F0EB-49E0-4C85-896A-67A827A43A32}.Debug|Any CPU.ActiveCfg = Debug|Any CPU
		{9E78F0EB-49E0-4C85-896A-67A827A43A32}.Debug|Any CPU.Build.0 = Debug|Any CPU
		{9E78F0EB-49E0-4C85-896A-67A827A43A32}.Release|Any CPU.ActiveCfg = Release|Any CPU
		{9E78F0EB-49E0-4C85-896A-67A827A43A32}.Release|Any CPU.Build.0 = Release|Any CPU
		{DAE13EDB-E52D-4D44-8E06-1E14BDBE7201}.Debug|Any CPU.ActiveCfg = Debug|Any CPU
		{DAE13EDB-E52D-4D44-8E06-1E14BDBE7201}.Debug|Any CPU.Build.0 = Debug|Any CPU
		{DAE13EDB-E52D-4D44-8E06-1E14BDBE7201}.Release|Any CPU.ActiveCfg = Release|Any CPU
		{DAE13EDB-E52D-4D44-8E06-1E14BDBE7201}.Release|Any CPU.Build.0 = Release|Any CPU
		{90ED0234-5159-418A-9EB1-4FDBA88B84E1}.Debug|Any CPU.ActiveCfg = Debug|Any CPU
		{90ED0234-5159-418A-9EB1-4FDBA88B84E1}.Debug|Any CPU.Build.0 = Debug|Any CPU
		{90ED0234-5159-418A-9EB1-4FDBA88B84E1}.Release|Any CPU.ActiveCfg = Release|Any CPU
		{90ED0234-5159-418A-9EB1-4FDBA88B84E1}.Release|Any CPU.Build.0 = Release|Any CPU
		{DE2A902B-8B51-4B83-946B-9E0BB46F44F7}.Debug|Any CPU.ActiveCfg = Debug|Any CPU
		{DE2A902B-8B51-4B83-946B-9E0BB46F44F7}.Debug|Any CPU.Build.0 = Debug|Any CPU
		{DE2A902B-8B51-4B83-946B-9E0BB46F44F7}.Release|Any CPU.ActiveCfg = Release|Any CPU
		{DE2A902B-8B51-4B83-946B-9E0BB46F44F7}.Release|Any CPU.Build.0 = Release|Any CPU
	EndGlobalSection
EndGlobal
